Microsoft Visual Studio Solution File, Format Version 12.00
# Visual Studio 2012
Project("{FAE04EC0-301F-11D3-BF4B-00C04F79EFBC}") = "Project1", "Project1.csproj", "{3CB39AF3-2764-40E7-8867-184443BB792A}"
EndProject
Global
	GlobalSection(SolutionConfigurationPlatforms) = preSolution
	Debug|Any CPU = Debug|Any CPU
	ExportDebug|Any CPU = ExportDebug|Any CPU
	ExportRelease|Any CPU = ExportRelease|Any CPU
	EndGlobalSection
	GlobalSection(ProjectConfigurationPlatforms) = postSolution
		{3CB39AF3-2764-40E7-8867-184443BB792A}.Debug|Any CPU.ActiveCfg = Debug|Any CPU
		{3CB39AF3-2764-40E7-8867-184443BB792A}.Debug|Any CPU.Build.0 = Debug|Any CPU
		{3CB39AF3-2764-40E7-8867-184443BB792A}.ExportDebug|Any CPU.ActiveCfg = ExportDebug|Any CPU
		{3CB39AF3-2764-40E7-8867-184443BB792A}.ExportDebug|Any CPU.Build.0 = ExportDebug|Any CPU
		{3CB39AF3-2764-40E7-8867-184443BB792A}.ExportRelease|Any CPU.ActiveCfg = ExportRelease|Any CPU
		{3CB39AF3-2764-40E7-8867-184443BB792A}.ExportRelease|Any CPU.Build.0 = ExportRelease|Any CPU
	EndGlobalSection
EndGlobal
